
Microsoft Visual Studio Solution File, Format Version 12.00
# Visual Studio 15
VisualStudioVersion = 15.0.26730.15
MinimumVisualStudioVersion = 10.0.40219.1
Project("{FAE04EC0-301F-11D3-BF4B-00C04F79EFBC}") = "Deloco_Pos_C", "Deloco_Pos_C\Deloco_Pos_C.csproj", "{6AD80548-A870-45EE-864C-B1B2C208A2BD}"
EndProject
Project("{FAE04EC0-301F-11D3-BF4B-00C04F79EFBC}") = "Deloco_Pos_C.Tests", "Deloco_Pos_C.Tests\Deloco_Pos_C.Tests.csproj", "{4BFC111F-4FBA-4FEB-B341-C3BBCB90D00C}"
EndProject
Project("{FAE04EC0-301F-11D3-BF4B-00C04F79EFBC}") = "Deloco_Pos_C.Tests1", "Deloco_Pos_C.Tests1\Deloco_Pos_C.Tests1.csproj", "{C00D9061-649B-472F-ACBE-8F8FE30E5A69}"
EndProject
Global
	GlobalSection(SolutionConfigurationPlatforms) = preSolution
		Debug|Any CPU = Debug|Any CPU
		Release|Any CPU = Release|Any CPU
	EndGlobalSection
	GlobalSection(ProjectConfigurationPlatforms) = postSolution
		{6AD80548-A870-45EE-864C-B1B2C208A2BD}.Debug|Any CPU.ActiveCfg = Debug|Any CPU
		{6AD80548-A870-45EE-864C-B1B2C208A2BD}.Debug|Any CPU.Build.0 = Debug|Any CPU
		{6AD80548-A870-45EE-864C-B1B2C208A2BD}.Release|Any CPU.ActiveCfg = Release|Any CPU
		{6AD80548-A870-45EE-864C-B1B2C208A2BD}.Release|Any CPU.Build.0 = Release|Any CPU
		{4BFC111F-4FBA-4FEB-B341-C3BBCB90D00C}.Debug|Any CPU.ActiveCfg = Debug|Any CPU
		{4BFC111F-4FBA-4FEB-B341-C3BBCB90D00C}.Debug|Any CPU.Build.0 = Debug|Any CPU
		{4BFC111F-4FBA-4FEB-B341-C3BBCB90D00C}.Release|Any CPU.ActiveCfg = Release|Any CPU
		{4BFC111F-4FBA-4FEB-B341-C3BBCB90D00C}.Release|Any CPU.Build.0 = Release|Any CPU
		{C00D9061-649B-472F-ACBE-8F8FE30E5A69}.Debug|Any CPU.ActiveCfg = Debug|Any CPU
		{C00D9061-649B-472F-ACBE-8F8FE30E5A69}.Debug|Any CPU.Build.0 = Debug|Any CPU
		{C00D9061-649B-472F-ACBE-8F8FE30E5A69}.Release|Any CPU.ActiveCfg = Release|Any CPU
		{C00D9061-649B-472F-ACBE-8F8FE30E5A69}.Release|Any CPU.Build.0 = Release|Any CPU
	EndGlobalSection
	GlobalSection(SolutionProperties) = preSolution
		HideSolutionNode = FALSE
	EndGlobalSection
	GlobalSection(ExtensibilityGlobals) = postSolution
		SolutionGuid = {CA1952CB-2D9C-460D-86D7-AACC4944ECD4}
	EndGlobalSection
EndGlobal
